
Microsoft Visual Studio Solution File, Format Version 12.00
# Visual Studio Version 17
VisualStudioVersion = 17.4.33205.214
MinimumVisualStudioVersion = 10.0.40219.1
Project("{FAE04EC0-301F-11D3-BF4B-00C04F79EFBC}") = "AbcParser", "AbcParser.csproj", "{057C07B9-A4A2-4804-9A03-8D1A63BCB91B}"
EndProject
Project("{FAE04EC0-301F-11D3-BF4B-00C04F79EFBC}") = "AbcParserConsoleTesting", "..\AbcParserConsoleTesting\AbcParserConsoleTesting.csproj", "{AE1D63AE-08D7-418E-B320-F952E5991104}"
EndProject
Global
	GlobalSection(SolutionConfigurationPlatforms) = preSolution
		Debug|Any CPU = Debug|Any CPU
		Release|Any CPU = Release|Any CPU
	EndGlobalSection
	GlobalSection(ProjectConfigurationPlatforms) = postSolution
		{057C07B9-A4A2-4804-9A03-8D1A63BCB91B}.Debug|Any CPU.ActiveCfg = Debug|Any CPU
		{057C07B9-A4A2-4804-9A03-8D1A63BCB91B}.Debug|Any CPU.Build.0 = Debug|Any CPU
		{057C07B9-A4A2-4804-9A03-8D1A63BCB91B}.Release|Any CPU.ActiveCfg = Release|Any CPU
		{057C07B9-A4A2-4804-9A03-8D1A63BCB91B}.Release|Any CPU.Build.0 = Release|Any CPU
		{AE1D63AE-08D7-418E-B320-F952E5991104}.Debug|Any CPU.ActiveCfg = Debug|Any CPU
		{AE1D63AE-08D7-418E-B320-F952E5991104}.Debug|Any CPU.Build.0 = Debug|Any CPU
		{AE1D63AE-08D7-418E-B320-F952E5991104}.Release|Any CPU.ActiveCfg = Release|Any CPU
		{AE1D63AE-08D7-418E-B320-F952E5991104}.Release|Any CPU.Build.0 = Release|Any CPU
	EndGlobalSection
	GlobalSection(SolutionProperties) = preSolution
		HideSolutionNode = FALSE
	EndGlobalSection
	GlobalSection(ExtensibilityGlobals) = postSolution
		SolutionGuid = {DD7C2ADC-8DC5-499B-9785-0D0E62428098}
	EndGlobalSection
EndGlobal
